
Microsoft Visual Studio Solution File, Format Version 12.00
# Visual Studio 14
VisualStudioVersion = 14.0.23107.0
MinimumVisualStudioVersion = 10.0.40219.1
Project("{FAE04EC0-301F-11D3-BF4B-00C04F79EFBC}") = "ex7", "ex7\ex7.csproj", "{FFD0F4D6-3D8D-4D29-B49D-8EE9F3037468}"
EndProject
Global
	GlobalSection(SolutionConfigurationPlatforms) = preSolution
		Debug|Any CPU = Debug|Any CPU
		Release|Any CPU = Release|Any CPU
	EndGlobalSection
	GlobalSection(ProjectConfigurationPlatforms) = postSolution
		{FFD0F4D6-3D8D-4D29-B49D-8EE9F3037468}.Debug|Any CPU.ActiveCfg = Debug|Any CPU
		{FFD0F4D6-3D8D-4D29-B49D-8EE9F3037468}.Debug|Any CPU.Build.0 = Debug|Any CPU
		{FFD0F4D6-3D8D-4D29-B49D-8EE9F3037468}.Release|Any CPU.ActiveCfg = Release|Any CPU
		{FFD0F4D6-3D8D-4D29-B49D-8EE9F3037468}.Release|Any CPU.Build.0 = Release|Any CPU
	EndGlobalSection
	GlobalSection(SolutionProperties) = preSolution
		HideSolutionNode = FALSE
	EndGlobalSection
EndGlobal
